{
  "name": "npm-bug-repo1",
  "version": "0.1.2",
  "lockfileVersion": 1,
  "requires": true,
  "dependencies": {
    "npm-bug-repo2": {
      "version": "git+ssh://git@github.com/doochik/npm-bug-repo2.git#9acedd93dcdfb65a4795ec3a43da6411a5242492",
      "from": "git+ssh://git@github.com/doochik/npm-bug-repo2.git#v0.1.1"
    }
  }
}
